<?xml version="1.0" encoding="utf-8"?>
<Project ToolsVersion="4.0" xmlns="http://schemas.microsoft.com/developer/msbuild/2003">
  <ItemGroup>
    <Filter Include="Main">
      <UniqueIdentifier>{4FC737F1-C7A5-4376-A066-2A32D752A2FF}</UniqueIdentifier>
      <Extensions>cpp;c;cc;cxx;def;odl;idl;hpj;bat;asm;asmx</Extensions>
    </Filter>
    <Filter Include="Engine">
      <UniqueIdentifier>{5cd8b408-16cc-4d91-937e-c99c3cf4ceea}</UniqueIdentifier>
    </Filter>
    <Filter Include="Engine\Base">
      <UniqueIdentifier>{7f89f39e-3072-463b-9924-0ff88a7793c2}</UniqueIdentifier>
    </Filter>
    <Filter Include="Engine\Game">
      <UniqueIdentifier>{c70bed52-4545-4b66-ba6d-24efa2f06f5b}</UniqueIdentifier>
    </Filter>
    <Filter Include="Engine\Component">
      <UniqueIdentifier>{67144949-3165-452c-aa3a-8c51d18ff86c}</UniqueIdentifier>
    </Filter>
    <Filter Include="Engine\Component\Base">
      <UniqueIdentifier>{e8bce230-95da-4599-8395-ea57b201398a}</UniqueIdentifier>
    </Filter>
    <Filter Include="Engine\Component\AI">
      <UniqueIdentifier>{a93ce350-3e09-4e2a-8a66-bca007fde86a}</UniqueIdentifier>
    </Filter>
    <Filter Include="Contents">
      <UniqueIdentifier>{45e5a913-9e72-42ab-8006-1d835532190b}</UniqueIdentifier>
    </Filter>
    <Filter Include="Contents\2D">
      <UniqueIdentifier>{c8b35ae6-86c4-4024-94e5-713e9140ce8c}</UniqueIdentifier>
    </Filter>
    <Filter Include="Contents\3D">
      <UniqueIdentifier>{91c47c38-b299-4a8c-a7ac-4df74c76f151}</UniqueIdentifier>
    </Filter>
    <Filter Include="Editor">
      <UniqueIdentifier>{af79e220-338d-4d80-802c-bd15d460881b}</UniqueIdentifier>
    </Filter>
    <Filter Include="Editor\ImGui">
      <UniqueIdentifier>{99227801-8b3b-4723-9e75-cd9dea354136}</UniqueIdentifier>
    </Filter>
    <Filter Include="Editor\ImGuizmo">
      <UniqueIdentifier>{68178c53-aecd-43f6-aa71-2ac871d8a399}</UniqueIdentifier>
    </Filter>
    <Filter Include="Engine\Component\Collision">
      <UniqueIdentifier>{8bd3fe4c-c6b3-4898-98e5-30a4232eabf3}</UniqueIdentifier>
    </Filter>
    <Filter Include="Engine\Component\Logic">
      <UniqueIdentifier>{a1e565c6-ebb7-4eb0-bd40-93a974bcf287}</UniqueIdentifier>
    </Filter>
    <Filter Include="Engine\Mathmetics">
      <UniqueIdentifier>{9527bc66-9de2-4151-a8a2-a25eb781aa0f}</UniqueIdentifier>
    </Filter>
    <Filter Include="Engine\Graphics">
      <UniqueIdentifier>{7fb57423-e798-4ea7-92da-3e4563e673d8}</UniqueIdentifier>
    </Filter>
    <Filter Include="Engine\Graphics\Shader">
      <UniqueIdentifier>{6493ef47-8030-48bc-aa8d-b757a8c5f870}</UniqueIdentifier>
    </Filter>
    <Filter Include="Engine\Component\3D">
      <UniqueIdentifier>{7e56ee63-20ad-4cb1-ae86-35e4971c26f3}</UniqueIdentifier>
    </Filter>
    <Filter Include="Engine\Component\2D">
      <UniqueIdentifier>{bd165832-6fdb-494b-a3d5-a3ec090aa57c}</UniqueIdentifier>
    </Filter>
  </ItemGroup>
  <ItemGroup>
    <ClCompile Include="Main.cpp">
      <Filter>Main</Filter>
    </ClCompile>
    <ClCompile Include="Game.cpp">
      <Filter>Engine\Game</Filter>
    </ClCompile>
    <ClCompile Include="Component.cpp">
      <Filter>Engine\Component\Base</Filter>
    </ClCompile>
    <ClCompile Include="Actor.cpp">
      <Filter>Engine\Game</Filter>
    </ClCompile>
    <ClCompile Include="Shader.cpp">
      <Filter>Engine\Graphics</Filter>
    </ClCompile>
    <ClCompile Include="Texture.cpp">
      <Filter>Engine\Graphics</Filter>
    </ClCompile>
    <ClCompile Include="VertexArray.cpp">
      <Filter>Engine\Graphics</Filter>
    </ClCompile>
    <ClCompile Include="AIComponent.cpp">
      <Filter>Engine\Component\AI</Filter>
    </ClCompile>
    <ClCompile Include="AIState.cpp">
      <Filter>Engine\Component\AI</Filter>
    </ClCompile>
    <ClCompile Include="imGui\imgui.cpp">
      <Filter>Editor\ImGui</Filter>
    </ClCompile>
    <ClCompile Include="imGui\imgui_demo.cpp">
      <Filter>Editor\ImGui</Filter>
    </ClCompile>
    <ClCompile Include="imGui\imgui_draw.cpp">
      <Filter>Editor\ImGui</Filter>
    </ClCompile>
    <ClCompile Include="imGui\imgui_impl_opengl3.cpp">
      <Filter>Editor\ImGui</Filter>
    </ClCompile>
    <ClCompile Include="imGui\imgui_impl_sdl.cpp">
      <Filter>Editor\ImGui</Filter>
    </ClCompile>
    <ClCompile Include="imGui\imgui_tables.cpp">
      <Filter>Editor\ImGui</Filter>
    </ClCompile>
    <ClCompile Include="imGui\imgui_widgets.cpp">
      <Filter>Editor\ImGui</Filter>
    </ClCompile>
    <ClCompile Include="Asteroid.cpp">
      <Filter>Contents\2D</Filter>
    </ClCompile>
    <ClCompile Include="Laser.cpp">
      <Filter>Contents\2D</Filter>
    </ClCompile>
    <ClCompile Include="Ship.cpp">
      <Filter>Contents\2D</Filter>
    </ClCompile>
    <ClCompile Include="Editor.cpp">
      <Filter>Editor</Filter>
    </ClCompile>
    <ClCompile Include="CircleComponent.cpp">
      <Filter>Engine\Component\Collision</Filter>
    </ClCompile>
    <ClCompile Include="AnimSpriteComponent.cpp">
      <Filter>Engine\Component\2D</Filter>
    </ClCompile>
    <ClCompile Include="SpriteComponent.cpp">
      <Filter>Engine\Component\2D</Filter>
    </ClCompile>
    <ClCompile Include="BGSpriteComponent.cpp">
      <Filter>Engine\Component\2D</Filter>
    </ClCompile>
    <ClCompile Include="InputComponent.cpp">
      <Filter>Engine\Component\Logic</Filter>
    </ClCompile>
    <ClCompile Include="MoveComponent.cpp">
      <Filter>Engine\Component\Logic</Filter>
    </ClCompile>
    <ClCompile Include="Math.cpp">
      <Filter>Engine\Mathmetics</Filter>
    </ClCompile>
    <ClCompile Include="Random.cpp">
      <Filter>Engine\Mathmetics</Filter>
    </ClCompile>
    <ClCompile Include="Mesh.cpp">
      <Filter>Engine\Graphics</Filter>
    </ClCompile>
    <ClCompile Include="Renderer.cpp">
      <Filter>Engine\Graphics</Filter>
    </ClCompile>
    <ClCompile Include="MeshComponent.cpp">
      <Filter>Main</Filter>
    </ClCompile>
    <ClCompile Include="PlaneActor.cpp">
      <Filter>Main</Filter>
    </ClCompile>
    <ClCompile Include="CameraActor.cpp">
      <Filter>Main</Filter>
    </ClCompile>
  </ItemGroup>
  <ItemGroup>
    <ClInclude Include="Game.h">
      <Filter>Engine\Game</Filter>
    </ClInclude>
    <ClInclude Include="Component.h">
      <Filter>Engine\Component\Base</Filter>
    </ClInclude>
    <ClInclude Include="Actor.h">
      <Filter>Engine\Game</Filter>
    </ClInclude>
    <ClInclude Include="Shader.h">
      <Filter>Engine\Graphics</Filter>
    </ClInclude>
    <ClInclude Include="Texture.h">
      <Filter>Engine\Graphics</Filter>
    </ClInclude>
    <ClInclude Include="VertexArray.h">
      <Filter>Engine\Graphics</Filter>
    </ClInclude>
    <ClInclude Include="AIState.h">
      <Filter>Engine\Component\AI</Filter>
    </ClInclude>
    <ClInclude Include="AIComponent.h">
      <Filter>Engine\Component\AI</Filter>
    </ClInclude>
    <ClInclude Include="imGui\imconfig.h">
      <Filter>Editor\ImGui</Filter>
    </ClInclude>
    <ClInclude Include="imGui\imgui.h">
      <Filter>Editor\ImGui</Filter>
    </ClInclude>
    <ClInclude Include="imGui\imgui_impl_opengl3.h">
      <Filter>Editor\ImGui</Filter>
    </ClInclude>
    <ClInclude Include="imGui\imgui_impl_sdl.h">
      <Filter>Editor\ImGui</Filter>
    </ClInclude>
    <ClInclude Include="imGui\imgui_internal.h">
      <Filter>Editor\ImGui</Filter>
    </ClInclude>
    <ClInclude Include="imGui\imstb_rectpack.h">
      <Filter>Editor\ImGui</Filter>
    </ClInclude>
    <ClInclude Include="imGui\imstb_textedit.h">
      <Filter>Editor\ImGui</Filter>
    </ClInclude>
    <ClInclude Include="imGui\imstb_truetype.h">
      <Filter>Editor\ImGui</Filter>
    </ClInclude>
    <ClInclude Include="Asteroid.h">
      <Filter>Contents\2D</Filter>
    </ClInclude>
    <ClInclude Include="Laser.h">
      <Filter>Contents\2D</Filter>
    </ClInclude>
    <ClInclude Include="Ship.h">
      <Filter>Contents\2D</Filter>
    </ClInclude>
    <ClInclude Include="Editor.h">
      <Filter>Editor</Filter>
    </ClInclude>
    <ClInclude Include="CircleComponent.h">
      <Filter>Engine\Component\Collision</Filter>
    </ClInclude>
    <ClInclude Include="AnimSpriteComponent.h">
      <Filter>Engine\Component\2D</Filter>
    </ClInclude>
    <ClInclude Include="SpriteComponent.h">
      <Filter>Engine\Component\2D</Filter>
    </ClInclude>
    <ClInclude Include="BGSpriteComponent.h">
      <Filter>Engine\Component\2D</Filter>
    </ClInclude>
    <ClInclude Include="InputComponent.h">
      <Filter>Engine\Component\Logic</Filter>
    </ClInclude>
    <ClInclude Include="MoveComponent.h">
      <Filter>Engine\Component\Logic</Filter>
    </ClInclude>
    <ClInclude Include="Random.h">
      <Filter>Engine\Mathmetics</Filter>
    </ClInclude>
    <ClInclude Include="Math.h">
      <Filter>Engine\Mathmetics</Filter>
    </ClInclude>
    <ClInclude Include="Mesh.h">
      <Filter>Engine\Graphics</Filter>
    </ClInclude>
    <ClInclude Include="Renderer.h">
      <Filter>Engine\Graphics</Filter>
    </ClInclude>
    <ClInclude Include="MeshComponent.h" />
    <ClInclude Include="PlaneActor.h" />
    <ClInclude Include="CameraActor.h" />
  </ItemGroup>
  <ItemGroup>
    <None Include="Shaders\BasicMesh.frag">
      <Filter>Engine\Graphics\Shader</Filter>
    </None>
    <None Include="Shaders\BasicMesh.vert">
      <Filter>Engine\Graphics\Shader</Filter>
    </None>
    <None Include="Shaders\Sprite.frag">
      <Filter>Engine\Graphics\Shader</Filter>
    </None>
    <None Include="Shaders\Sprite.vert">
      <Filter>Engine\Graphics\Shader</Filter>
    </None>
  </ItemGroup>
</Project>